
Microsoft Visual Studio Solution File, Format Version 12.00
# Visual Studio Version 16
VisualStudioVersion = 16.0.31911.196
MinimumVisualStudioVersion = 10.0.40219.1
Project("{FAE04EC0-301F-11D3-BF4B-00C04F79EFBC}") = "CryptoPrice", "CryptoPrice\CryptoPrice.csproj", "{B9D09880-82B6-4F2A-ABF3-0EBB4E146C2B}"
EndProject
Project("{FAE04EC0-301F-11D3-BF4B-00C04F79EFBC}") = "TestingProgram", "TestingProgram\TestingProgram.csproj", "{64479DEE-3F60-4052-A488-81AB7847DBF0}"
EndProject
Global
	GlobalSection(SolutionConfigurationPlatforms) = preSolution
		Debug|Any CPU = Debug|Any CPU
		Release|Any CPU = Release|Any CPU
	EndGlobalSection
	GlobalSection(ProjectConfigurationPlatforms) = postSolution
		{B9D09880-82B6-4F2A-ABF3-0EBB4E146C2B}.Debug|Any CPU.ActiveCfg = Debug|Any CPU
		{B9D09880-82B6-4F2A-ABF3-0EBB4E146C2B}.Debug|Any CPU.Build.0 = Debug|Any CPU
		{B9D09880-82B6-4F2A-ABF3-0EBB4E146C2B}.Release|Any CPU.ActiveCfg = Release|Any CPU
		{B9D09880-82B6-4F2A-ABF3-0EBB4E146C2B}.Release|Any CPU.Build.0 = Release|Any CPU
		{64479DEE-3F60-4052-A488-81AB7847DBF0}.Debug|Any CPU.ActiveCfg = Debug|Any CPU
		{64479DEE-3F60-4052-A488-81AB7847DBF0}.Debug|Any CPU.Build.0 = Debug|Any CPU
		{64479DEE-3F60-4052-A488-81AB7847DBF0}.Release|Any CPU.ActiveCfg = Release|Any CPU
		{64479DEE-3F60-4052-A488-81AB7847DBF0}.Release|Any CPU.Build.0 = Release|Any CPU
	EndGlobalSection
	GlobalSection(SolutionProperties) = preSolution
		HideSolutionNode = FALSE
	EndGlobalSection
	GlobalSection(ExtensibilityGlobals) = postSolution
		SolutionGuid = {20E706AD-7E2B-4861-BAF3-5BAE21543266}
	EndGlobalSection
EndGlobal
